
Microsoft Visual Studio Solution File, Format Version 12.00
# Visual Studio Version 16
VisualStudioVersion = 16.0.30320.27
MinimumVisualStudioVersion = 10.0.40219.1
Project("{FAE04EC0-301F-11D3-BF4B-00C04F79EFBC}") = "Presentacion", "Presentacion\Presentacion.csproj", "{7FD2AFAE-4D73-462A-8B44-F9B90E86FA42}"
EndProject
Project("{FAE04EC0-301F-11D3-BF4B-00C04F79EFBC}") = "Domain", "Domain\Domain.csproj", "{C1D78DA6-8285-4FEF-8E9B-6451679B0B6D}"
EndProject
Project("{FAE04EC0-301F-11D3-BF4B-00C04F79EFBC}") = "Data", "Data\Data.csproj", "{06B5A4CE-A342-48AE-8569-974826FC0507}"
EndProject
Global
	GlobalSection(SolutionConfigurationPlatforms) = preSolution
		Debug|Any CPU = Debug|Any CPU
		Debug|ARM = Debug|ARM
		Debug|ARM64 = Debug|ARM64
		Debug|x64 = Debug|x64
		Debug|x86 = Debug|x86
		Release|Any CPU = Release|Any CPU
		Release|ARM = Release|ARM
		Release|ARM64 = Release|ARM64
		Release|x64 = Release|x64
		Release|x86 = Release|x86
	EndGlobalSection
	GlobalSection(ProjectConfigurationPlatforms) = postSolution
		{7FD2AFAE-4D73-462A-8B44-F9B90E86FA42}.Debug|Any CPU.ActiveCfg = Debug|Any CPU
		{7FD2AFAE-4D73-462A-8B44-F9B90E86FA42}.Debug|Any CPU.Build.0 = Debug|Any CPU
		{7FD2AFAE-4D73-462A-8B44-F9B90E86FA42}.Debug|ARM.ActiveCfg = Debug|Any CPU
		{7FD2AFAE-4D73-462A-8B44-F9B90E86FA42}.Debug|ARM.Build.0 = Debug|Any CPU
		{7FD2AFAE-4D73-462A-8B44-F9B90E86FA42}.Debug|ARM64.ActiveCfg = Debug|Any CPU
		{7FD2AFAE-4D73-462A-8B44-F9B90E86FA42}.Debug|ARM64.Build.0 = Debug|Any CPU
		{7FD2AFAE-4D73-462A-8B44-F9B90E86FA42}.Debug|x64.ActiveCfg = Debug|Any CPU
		{7FD2AFAE-4D73-462A-8B44-F9B90E86FA42}.Debug|x64.Build.0 = Debug|Any CPU
		{7FD2AFAE-4D73-462A-8B44-F9B90E86FA42}.Debug|x86.ActiveCfg = Debug|Any CPU
		{7FD2AFAE-4D73-462A-8B44-F9B90E86FA42}.Debug|x86.Build.0 = Debug|Any CPU
		{7FD2AFAE-4D73-462A-8B44-F9B90E86FA42}.Release|Any CPU.ActiveCfg = Release|Any CPU
		{7FD2AFAE-4D73-462A-8B44-F9B90E86FA42}.Release|Any CPU.Build.0 = Release|Any CPU
		{7FD2AFAE-4D73-462A-8B44-F9B90E86FA42}.Release|ARM.ActiveCfg = Release|Any CPU
		{7FD2AFAE-4D73-462A-8B44-F9B90E86FA42}.Release|ARM.Build.0 = Release|Any CPU
		{7FD2AFAE-4D73-462A-8B44-F9B90E86FA42}.Release|ARM64.ActiveCfg = Release|Any CPU
		{7FD2AFAE-4D73-462A-8B44-F9B90E86FA42}.Release|ARM64.Build.0 = Release|Any CPU
		{7FD2AFAE-4D73-462A-8B44-F9B90E86FA42}.Release|x64.ActiveCfg = Release|Any CPU
		{7FD2AFAE-4D73-462A-8B44-F9B90E86FA42}.Release|x64.Build.0 = Release|Any CPU
		{7FD2AFAE-4D73-462A-8B44-F9B90E86FA42}.Release|x86.ActiveCfg = Release|Any CPU
		{7FD2AFAE-4D73-462A-8B44-F9B90E86FA42}.Release|x86.Build.0 = Release|Any CPU
		{C1D78DA6-8285-4FEF-8E9B-6451679B0B6D}.Debug|Any CPU.ActiveCfg = Debug|Any CPU
		{C1D78DA6-8285-4FEF-8E9B-6451679B0B6D}.Debug|Any CPU.Build.0 = Debug|Any CPU
		{C1D78DA6-8285-4FEF-8E9B-6451679B0B6D}.Debug|ARM.ActiveCfg = Debug|Any CPU
		{C1D78DA6-8285-4FEF-8E9B-6451679B0B6D}.Debug|ARM.Build.0 = Debug|Any CPU
		{C1D78DA6-8285-4FEF-8E9B-6451679B0B6D}.Debug|ARM64.ActiveCfg = Debug|Any CPU
		{C1D78DA6-8285-4FEF-8E9B-6451679B0B6D}.Debug|ARM64.Build.0 = Debug|Any CPU
		{C1D78DA6-8285-4FEF-8E9B-6451679B0B6D}.Debug|x64.ActiveCfg = Debug|Any CPU
		{C1D78DA6-8285-4FEF-8E9B-6451679B0B6D}.Debug|x64.Build.0 = Debug|Any CPU
		{C1D78DA6-8285-4FEF-8E9B-6451679B0B6D}.Debug|x86.ActiveCfg = Debug|Any CPU
		{C1D78DA6-8285-4FEF-8E9B-6451679B0B6D}.Debug|x86.Build.0 = Debug|Any CPU
		{C1D78DA6-8285-4FEF-8E9B-6451679B0B6D}.Release|Any CPU.ActiveCfg = Release|Any CPU
		{C1D78DA6-8285-4FEF-8E9B-6451679B0B6D}.Release|Any CPU.Build.0 = Release|Any CPU
		{C1D78DA6-8285-4FEF-8E9B-6451679B0B6D}.Release|ARM.ActiveCfg = Release|Any CPU
		{C1D78DA6-8285-4FEF-8E9B-6451679B0B6D}.Release|ARM.Build.0 = Release|Any CPU
		{C1D78DA6-8285-4FEF-8E9B-6451679B0B6D}.Release|ARM64.ActiveCfg = Release|Any CPU
		{C1D78DA6-8285-4FEF-8E9B-6451679B0B6D}.Release|ARM64.Build.0 = Release|Any CPU
		{C1D78DA6-8285-4FEF-8E9B-6451679B0B6D}.Release|x64.ActiveCfg = Release|Any CPU
		{C1D78DA6-8285-4FEF-8E9B-6451679B0B6D}.Release|x64.Build.0 = Release|Any CPU
		{C1D78DA6-8285-4FEF-8E9B-6451679B0B6D}.Release|x86.ActiveCfg = Release|Any CPU
		{C1D78DA6-8285-4FEF-8E9B-6451679B0B6D}.Release|x86.Build.0 = Release|Any CPU
		{06B5A4CE-A342-48AE-8569-974826FC0507}.Debug|Any CPU.ActiveCfg = Debug|Any CPU
		{06B5A4CE-A342-48AE-8569-974826FC0507}.Debug|Any CPU.Build.0 = Debug|Any CPU
		{06B5A4CE-A342-48AE-8569-974826FC0507}.Debug|ARM.ActiveCfg = Debug|Any CPU
		{06B5A4CE-A342-48AE-8569-974826FC0507}.Debug|ARM.Build.0 = Debug|Any CPU
		{06B5A4CE-A342-48AE-8569-974826FC0507}.Debug|ARM64.ActiveCfg = Debug|Any CPU
		{06B5A4CE-A342-48AE-8569-974826FC0507}.Debug|ARM64.Build.0 = Debug|Any CPU
		{06B5A4CE-A342-48AE-8569-974826FC0507}.Debug|x64.ActiveCfg = Debug|Any CPU
		{06B5A4CE-A342-48AE-8569-974826FC0507}.Debug|x64.Build.0 = Debug|Any CPU
		{06B5A4CE-A342-48AE-8569-974826FC0507}.Debug|x86.ActiveCfg = Debug|Any CPU
		{06B5A4CE-A342-48AE-8569-974826FC0507}.Debug|x86.Build.0 = Debug|Any CPU
		{06B5A4CE-A342-48AE-8569-974826FC0507}.Release|Any CPU.ActiveCfg = Release|Any CPU
		{06B5A4CE-A342-48AE-8569-974826FC0507}.Release|Any CPU.Build.0 = Release|Any CPU
		{06B5A4CE-A342-48AE-8569-974826FC0507}.Release|ARM.ActiveCfg = Release|Any CPU
		{06B5A4CE-A342-48AE-8569-974826FC0507}.Release|ARM.Build.0 = Release|Any CPU
		{06B5A4CE-A342-48AE-8569-974826FC0507}.Release|ARM64.ActiveCfg = Release|Any CPU
		{06B5A4CE-A342-48AE-8569-974826FC0507}.Release|ARM64.Build.0 = Release|Any CPU
		{06B5A4CE-A342-48AE-8569-974826FC0507}.Release|x64.ActiveCfg = Release|Any CPU
		{06B5A4CE-A342-48AE-8569-974826FC0507}.Release|x64.Build.0 = Release|Any CPU
		{06B5A4CE-A342-48AE-8569-974826FC0507}.Release|x86.ActiveCfg = Release|Any CPU
		{06B5A4CE-A342-48AE-8569-974826FC0507}.Release|x86.Build.0 = Release|Any CPU
	EndGlobalSection
	GlobalSection(SolutionProperties) = preSolution
		HideSolutionNode = FALSE
	EndGlobalSection
	GlobalSection(ExtensibilityGlobals) = postSolution
		SolutionGuid = {1DC58B63-5CE5-4E58-8680-7A6AE7C6234B}
	EndGlobalSection
EndGlobal
